
Microsoft Visual Studio Solution File, Format Version 12.00
Project("{FAE04EC0-301F-11D3-BF4B-00C04F79EFBC}") = "Mafia.Server", "Mafia.Server\Mafia.Server.csproj", "{755CE962-0E0F-468B-B98B-67139D9CB31E}"
EndProject
Project("{2150E333-8FDC-42A3-9474-1A3956D46DE8}") = "Tests", "Tests", "{5700104D-7C20-464D-BA81-588E0A47AE33}"
EndProject
Project("{FAE04EC0-301F-11D3-BF4B-00C04F79EFBC}") = "Mafia.Server.Tests.Unit", "Mafia.Server.Tests.Unit\Mafia.Server.Tests.Unit.csproj", "{8A508F7B-E9EF-41A0-B94B-D692A9916ED5}"
EndProject
Global
	GlobalSection(SolutionConfigurationPlatforms) = preSolution
		Debug|Any CPU = Debug|Any CPU
		Release|Any CPU = Release|Any CPU
	EndGlobalSection
	GlobalSection(ProjectConfigurationPlatforms) = postSolution
		{755CE962-0E0F-468B-B98B-67139D9CB31E}.Debug|Any CPU.ActiveCfg = Debug|Any CPU
		{755CE962-0E0F-468B-B98B-67139D9CB31E}.Debug|Any CPU.Build.0 = Debug|Any CPU
		{755CE962-0E0F-468B-B98B-67139D9CB31E}.Release|Any CPU.ActiveCfg = Release|Any CPU
		{755CE962-0E0F-468B-B98B-67139D9CB31E}.Release|Any CPU.Build.0 = Release|Any CPU
		{8A508F7B-E9EF-41A0-B94B-D692A9916ED5}.Debug|Any CPU.ActiveCfg = Debug|Any CPU
		{8A508F7B-E9EF-41A0-B94B-D692A9916ED5}.Debug|Any CPU.Build.0 = Debug|Any CPU
		{8A508F7B-E9EF-41A0-B94B-D692A9916ED5}.Release|Any CPU.ActiveCfg = Release|Any CPU
		{8A508F7B-E9EF-41A0-B94B-D692A9916ED5}.Release|Any CPU.Build.0 = Release|Any CPU
	EndGlobalSection
	GlobalSection(NestedProjects) = preSolution
		{8A508F7B-E9EF-41A0-B94B-D692A9916ED5} = {5700104D-7C20-464D-BA81-588E0A47AE33}
	EndGlobalSection
EndGlobal
